{
    "_meta": {
        "hash": {
            "sha256": "7dce25c05cb37f1218a1645a6d5cd65715cec44e387c4ad604728bf12a65bae9"
        },
        "pipfile-spec": 6,
        "requires": {
            "python_version": "3.7"
        },
        "sources": [
            {
                "name": "pypi",
                "url": "https://pypi.org/simple",
                "verify_ssl": true
            }
        ]
    },
    "default": {
        "attrs": {
            "hashes": [
                "sha256:4b90b09eeeb9b88c35bc642cbac057e45a5fd85367b985bd2809c62b7b939265",
                "sha256:e0d0eb91441a3b53dab4d9b743eafc1ac44476296a2053b6ca3af0b139faf87b"
            ],
            "index": "pypi",
            "version": "==18.1.0"
        },
        "boto3-wasabi": {
            "git": "https://github.com/KalobMTaulien/boto3_wasabi",
            "ref": "8fdb9fea31c76e04580ac108edca1a923e2312bd"
        },
        "click": {
            "hashes": [
                "sha256:29f99fc6125fbc931b758dc053b3114e55c77a6e4c6c3a2674a2dc986016381d",
                "sha256:f15516df478d5a56180fbf80e68f206010e6d160fc39fa508b65e035fd75130b"
            ],
            "index": "pypi",
            "version": "==6.7"
        },
        "piexif": {
            "hashes": [
                "sha256:1d3dde03bd6298393645bc11d585b67a6ea98fd7e9e1aded6d5d6ec3e4cfbdda",
                "sha256:47befcbc9a6ee171a0b8c35b981eb02df2120427eb19418d257450b055c622ac"
            ],
            "index": "pypi",
            "version": "==1.0.13"
        },
        "pyicloud": {
            "git": "https://github.com/ndbroadbent/pyicloud.git",
            "ref": "d57fed4f27c58bfe67c5d19d976dbe244ea4ac87"
        },
        "pytz": {
            "hashes": [
                "sha256:a061aa0a9e06881eb8b3b2b43f05b9439d6583c206d0a6c340ff72a7b6669053",
                "sha256:ffb9ef1de172603304d9d2819af6f5ece76f2e85ec10692a524dd876e72bf277"
            ],
            "index": "pypi",
            "version": "==2018.5"
        }
    },
    "develop": {}
}
